
Microsoft Visual Studio Solution File, Format Version 12.00
# Visual Studio Version 17
VisualStudioVersion = 17.13.35919.96
MinimumVisualStudioVersion = 10.0.40219.1
Project("{FAE04EC0-301F-11D3-BF4B-00C04F79EFBC}") = "ObjectLifecycle", "ObjectLifecycle\ObjectLifecycle.csproj", "{93D98577-DD12-4687-BED5-A1A318DDD977}"
EndProject
Project("{FAE04EC0-301F-11D3-BF4B-00C04F79EFBC}") = "RecordVsClass", "RecordVsClass\RecordVsClass.csproj", "{0CD3DD63-5243-4BEF-8B2A-AF1F29A0BF1F}"
EndProject
Project("{FAE04EC0-301F-11D3-BF4B-00C04F79EFBC}") = "SecureApi", "SecureApi\SecureApi.csproj", "{81EA4FF1-2F10-4D51-9F9C-731A86C025CE}"
EndProject
Project("{FAE04EC0-301F-11D3-BF4B-00C04F79EFBC}") = "SecureApiMvcClient", "SecureApiMvcClient\SecureApiMvcClient.csproj", "{FE860367-FE2E-4603-AFD0-7AB5D8EC7C3A}"
EndProject
Global
	GlobalSection(SolutionConfigurationPlatforms) = preSolution
		Debug|Any CPU = Debug|Any CPU
		Release|Any CPU = Release|Any CPU
	EndGlobalSection
	GlobalSection(ProjectConfigurationPlatforms) = postSolution
		{93D98577-DD12-4687-BED5-A1A318DDD977}.Debug|Any CPU.ActiveCfg = Debug|Any CPU
		{93D98577-DD12-4687-BED5-A1A318DDD977}.Debug|Any CPU.Build.0 = Debug|Any CPU
		{93D98577-DD12-4687-BED5-A1A318DDD977}.Release|Any CPU.ActiveCfg = Release|Any CPU
		{93D98577-DD12-4687-BED5-A1A318DDD977}.Release|Any CPU.Build.0 = Release|Any CPU
		{0CD3DD63-5243-4BEF-8B2A-AF1F29A0BF1F}.Debug|Any CPU.ActiveCfg = Debug|Any CPU
		{0CD3DD63-5243-4BEF-8B2A-AF1F29A0BF1F}.Debug|Any CPU.Build.0 = Debug|Any CPU
		{0CD3DD63-5243-4BEF-8B2A-AF1F29A0BF1F}.Release|Any CPU.ActiveCfg = Release|Any CPU
		{0CD3DD63-5243-4BEF-8B2A-AF1F29A0BF1F}.Release|Any CPU.Build.0 = Release|Any CPU
		{81EA4FF1-2F10-4D51-9F9C-731A86C025CE}.Debug|Any CPU.ActiveCfg = Debug|Any CPU
		{81EA4FF1-2F10-4D51-9F9C-731A86C025CE}.Debug|Any CPU.Build.0 = Debug|Any CPU
		{81EA4FF1-2F10-4D51-9F9C-731A86C025CE}.Release|Any CPU.ActiveCfg = Release|Any CPU
		{81EA4FF1-2F10-4D51-9F9C-731A86C025CE}.Release|Any CPU.Build.0 = Release|Any CPU
		{FE860367-FE2E-4603-AFD0-7AB5D8EC7C3A}.Debug|Any CPU.ActiveCfg = Debug|Any CPU
		{FE860367-FE2E-4603-AFD0-7AB5D8EC7C3A}.Debug|Any CPU.Build.0 = Debug|Any CPU
		{FE860367-FE2E-4603-AFD0-7AB5D8EC7C3A}.Release|Any CPU.ActiveCfg = Release|Any CPU
		{FE860367-FE2E-4603-AFD0-7AB5D8EC7C3A}.Release|Any CPU.Build.0 = Release|Any CPU
	EndGlobalSection
	GlobalSection(SolutionProperties) = preSolution
		HideSolutionNode = FALSE
	EndGlobalSection
	GlobalSection(ExtensibilityGlobals) = postSolution
		SolutionGuid = {B53EB3AB-3DBE-49A0-B113-D6381BFC5035}
	EndGlobalSection
EndGlobal
